
Microsoft Visual Studio Solution File, Format Version 12.00
# Visual Studio 14
VisualStudioVersion = 14.0.24720.0
MinimumVisualStudioVersion = 10.0.40219.1
Project("{FAE04EC0-301F-11D3-BF4B-00C04F79EFBC}") = "ProjectY.Language", "ProjectY.Language\ProjectY.Language.csproj", "{F0E75233-AF59-48EC-9C14-0AB363C95B90}"
EndProject
Project("{FAE04EC0-301F-11D3-BF4B-00C04F79EFBC}") = "ProjectY.Finite", "ProjectY.Finite\ProjectY.Finite.csproj", "{2EFDC4E6-1550-47CC-8731-B5AACA9B6A7B}"
EndProject
Project("{FAE04EC0-301F-11D3-BF4B-00C04F79EFBC}") = "ProjectY.Test", "ProjectY.Test\ProjectY.Test.csproj", "{7B8E6E95-CF6C-4292-8B18-2FEA76BFE1C5}"
EndProject
Global
	GlobalSection(SolutionConfigurationPlatforms) = preSolution
		Debug|Any CPU = Debug|Any CPU
		Release|Any CPU = Release|Any CPU
	EndGlobalSection
	GlobalSection(ProjectConfigurationPlatforms) = postSolution
		{F0E75233-AF59-48EC-9C14-0AB363C95B90}.Debug|Any CPU.ActiveCfg = Debug|Any CPU
		{F0E75233-AF59-48EC-9C14-0AB363C95B90}.Debug|Any CPU.Build.0 = Debug|Any CPU
		{F0E75233-AF59-48EC-9C14-0AB363C95B90}.Release|Any CPU.ActiveCfg = Release|Any CPU
		{F0E75233-AF59-48EC-9C14-0AB363C95B90}.Release|Any CPU.Build.0 = Release|Any CPU
		{2EFDC4E6-1550-47CC-8731-B5AACA9B6A7B}.Debug|Any CPU.ActiveCfg = Debug|Any CPU
		{2EFDC4E6-1550-47CC-8731-B5AACA9B6A7B}.Debug|Any CPU.Build.0 = Debug|Any CPU
		{2EFDC4E6-1550-47CC-8731-B5AACA9B6A7B}.Release|Any CPU.ActiveCfg = Release|Any CPU
		{2EFDC4E6-1550-47CC-8731-B5AACA9B6A7B}.Release|Any CPU.Build.0 = Release|Any CPU
		{7B8E6E95-CF6C-4292-8B18-2FEA76BFE1C5}.Debug|Any CPU.ActiveCfg = Debug|Any CPU
		{7B8E6E95-CF6C-4292-8B18-2FEA76BFE1C5}.Debug|Any CPU.Build.0 = Debug|Any CPU
		{7B8E6E95-CF6C-4292-8B18-2FEA76BFE1C5}.Release|Any CPU.ActiveCfg = Release|Any CPU
		{7B8E6E95-CF6C-4292-8B18-2FEA76BFE1C5}.Release|Any CPU.Build.0 = Release|Any CPU
	EndGlobalSection
	GlobalSection(SolutionProperties) = preSolution
		HideSolutionNode = FALSE
	EndGlobalSection
EndGlobal
